<?xml version="1.0" encoding="utf-8"?>
<Project ToolsVersion="4.0" xmlns="http://schemas.microsoft.com/developer/msbuild/2003">
  <ItemGroup>
    <Filter Include="Source Files">
      <UniqueIdentifier>{4FC737F1-C7A5-4376-A066-2A32D752A2FF}</UniqueIdentifier>
      <Extensions>cpp;c;cc;cxx;def;odl;idl;hpj;bat;asm;asmx</Extensions>
    </Filter>
    <Filter Include="Header Files">
      <UniqueIdentifier>{93995380-89BD-4b04-88EB-625FBE52EBFB}</UniqueIdentifier>
      <Extensions>h;hh;hpp;hxx;hm;inl;inc;xsd</Extensions>
    </Filter>
    <Filter Include="Resource Files">
      <UniqueIdentifier>{67DA6AB6-F800-4c08-8B7A-83BB121AAD01}</UniqueIdentifier>
      <Extensions>rc;ico;cur;bmp;dlg;rc2;rct;bin;rgs;gif;jpg;jpeg;jpe;resx;tiff;tif;png;wav;mfcribbon-ms</Extensions>
    </Filter>
    <Filter Include="Header Files\Form">
      <UniqueIdentifier>{7809889d-3216-48d5-9a5c-0e8dc5cac7ba}</UniqueIdentifier>
    </Filter>
    <Filter Include="Header Files\Form\Input">
      <UniqueIdentifier>{8eaf664c-09a8-4287-9d55-8b97b2a7f185}</UniqueIdentifier>
    </Filter>
    <Filter Include="Source Files\Form">
      <UniqueIdentifier>{2a75de89-90cf-4bfd-9cec-e204a2452fcd}</UniqueIdentifier>
    </Filter>
    <Filter Include="Source Files\Form\Input">
      <UniqueIdentifier>{13c9349f-c30e-46b1-be27-ab54b9ac3e55}</UniqueIdentifier>
    </Filter>
  </ItemGroup>
  <ItemGroup>
    <ClInclude Include="include\BasicTypes.h">
      <Filter>Header Files</Filter>
    </ClInclude>
    <ClInclude Include="include\Location.h">
      <Filter>Header Files</Filter>
    </ClInclude>
    <ClInclude Include="include\Menu.h">
      <Filter>Header Files</Filter>
    </ClInclude>
    <ClInclude Include="include\Project.h">
      <Filter>Header Files</Filter>
    </ClInclude>
    <ClInclude Include="include\ProjectSettings.h">
      <Filter>Header Files</Filter>
    </ClInclude>
    <ClInclude Include="include\Sprite.h">
      <Filter>Header Files</Filter>
    </ClInclude>
    <ClInclude Include="include\YOLF.h">
      <Filter>Header Files</Filter>
    </ClInclude>
    <ClInclude Include="include\Form.h">
      <Filter>Header Files\Form</Filter>
    </ClInclude>
    <ClInclude Include="include\InputButton.h">
      <Filter>Header Files\Form\Input</Filter>
    </ClInclude>
    <ClInclude Include="include\InputNumber.h">
      <Filter>Header Files\Form\Input</Filter>
    </ClInclude>
    <ClInclude Include="include\InputText.h">
      <Filter>Header Files\Form\Input</Filter>
    </ClInclude>
    <ClInclude Include="include\FormInput.h">
      <Filter>Header Files\Form\Input</Filter>
    </ClInclude>
    <ClInclude Include="include\YOLConsoleEngine.h">
      <Filter>Header Files</Filter>
    </ClInclude>
    <ClInclude Include="include\InputFile.h">
      <Filter>Header Files\Form\Input</Filter>
    </ClInclude>
  </ItemGroup>
  <ItemGroup>
    <ClCompile Include="src\BasicTypes.cpp">
      <Filter>Source Files</Filter>
    </ClCompile>
    <ClCompile Include="src\Location.cpp">
      <Filter>Source Files</Filter>
    </ClCompile>
    <ClCompile Include="src\Menu.cpp">
      <Filter>Source Files</Filter>
    </ClCompile>
    <ClCompile Include="src\Project.cpp">
      <Filter>Source Files</Filter>
    </ClCompile>
    <ClCompile Include="src\ProjectSettings.cpp">
      <Filter>Source Files</Filter>
    </ClCompile>
    <ClCompile Include="src\Sprite.cpp">
      <Filter>Source Files</Filter>
    </ClCompile>
    <ClCompile Include="src\YOLF.cpp">
      <Filter>Source Files</Filter>
    </ClCompile>
    <ClCompile Include="src\Form.cpp">
      <Filter>Source Files\Form</Filter>
    </ClCompile>
    <ClCompile Include="src\InputButton.cpp">
      <Filter>Source Files\Form\Input</Filter>
    </ClCompile>
    <ClCompile Include="src\InputNumber.cpp">
      <Filter>Source Files\Form\Input</Filter>
    </ClCompile>
    <ClCompile Include="src\InputText.cpp">
      <Filter>Source Files\Form\Input</Filter>
    </ClCompile>
    <ClCompile Include="src\InputFile.cpp">
      <Filter>Source Files\Form\Input</Filter>
    </ClCompile>
  </ItemGroup>
</Project>